
Microsoft Visual Studio Solution File, Format Version 12.00
# Visual Studio Version 16
VisualStudioVersion = 16.0.30804.86
MinimumVisualStudioVersion = 10.0.40219.1
Project("{9A19103F-16F7-4668-BE54-9A1E7A4F7556}") = "Napilnik", "Napilnik\Napilnik.csproj", "{AA5639CA-BB0D-438E-8577-2A935DB1FCE4}"
EndProject
Global
	GlobalSection(SolutionConfigurationPlatforms) = preSolution
		Debug|Any CPU = Debug|Any CPU
		Release|Any CPU = Release|Any CPU
	EndGlobalSection
	GlobalSection(ProjectConfigurationPlatforms) = postSolution
		{AA5639CA-BB0D-438E-8577-2A935DB1FCE4}.Debug|Any CPU.ActiveCfg = Debug|Any CPU
		{AA5639CA-BB0D-438E-8577-2A935DB1FCE4}.Debug|Any CPU.Build.0 = Debug|Any CPU
		{AA5639CA-BB0D-438E-8577-2A935DB1FCE4}.Release|Any CPU.ActiveCfg = Release|Any CPU
		{AA5639CA-BB0D-438E-8577-2A935DB1FCE4}.Release|Any CPU.Build.0 = Release|Any CPU
	EndGlobalSection
	GlobalSection(SolutionProperties) = preSolution
		HideSolutionNode = FALSE
	EndGlobalSection
	GlobalSection(ExtensibilityGlobals) = postSolution
		SolutionGuid = {37392E7B-2F9F-41FB-B32D-438B2F6DF473}
	EndGlobalSection
EndGlobal
